
Microsoft Visual Studio Solution File, Format Version 12.00
# Visual Studio Version 17
VisualStudioVersion = 17.7.34018.315
MinimumVisualStudioVersion = 10.0.40219.1
Project("{9A19103F-16F7-4668-BE54-9A1E7A4F7556}") = "GridStudy", "WPFStudy\GridStudy.csproj", "{203BDA3D-F434-4E04-A1AD-3417CC76B5D0}"
EndProject
Project("{9A19103F-16F7-4668-BE54-9A1E7A4F7556}") = "ButtonStyleTriggerInXAML", "ButtonStyleTriggerInXAML\ButtonStyleTriggerInXAML.csproj", "{C00BB06F-FCFB-48A1-98B5-89D3ECDD0DCF}"
EndProject
Project("{9A19103F-16F7-4668-BE54-9A1E7A4F7556}") = "DataBinding", "DataBinding\DataBinding.csproj", "{A8191448-EEB1-495F-80E2-01A9AD50CE0C}"
EndProject
Project("{9A19103F-16F7-4668-BE54-9A1E7A4F7556}") = "Resource", "Resource\Resource.csproj", "{B1F2A65C-05DE-40DC-9E88-42CDD76B4B5B}"
EndProject
Project("{9A19103F-16F7-4668-BE54-9A1E7A4F7556}") = "ListViewInControl", "TextBoxInListView\ListViewInControl.csproj", "{4110F169-9CD6-499B-BAC4-4104FDAFBA2A}"
EndProject
Project("{9A19103F-16F7-4668-BE54-9A1E7A4F7556}") = "ControlStyle", "ControlStyle\ControlStyle.csproj", "{25739514-8C7A-47D8-B506-B21F728DF7EF}"
EndProject
Project("{FAE04EC0-301F-11D3-BF4B-00C04F79EFBC}") = "MVVMPattern", "MVVMPattern\MVVMPattern.csproj", "{FC4E20A7-66A5-4885-841A-16C6B5DB1188}"
EndProject
Global
	GlobalSection(SolutionConfigurationPlatforms) = preSolution
		Debug|Any CPU = Debug|Any CPU
		Release|Any CPU = Release|Any CPU
	EndGlobalSection
	GlobalSection(ProjectConfigurationPlatforms) = postSolution
		{203BDA3D-F434-4E04-A1AD-3417CC76B5D0}.Debug|Any CPU.ActiveCfg = Debug|Any CPU
		{203BDA3D-F434-4E04-A1AD-3417CC76B5D0}.Debug|Any CPU.Build.0 = Debug|Any CPU
		{203BDA3D-F434-4E04-A1AD-3417CC76B5D0}.Release|Any CPU.ActiveCfg = Release|Any CPU
		{203BDA3D-F434-4E04-A1AD-3417CC76B5D0}.Release|Any CPU.Build.0 = Release|Any CPU
		{C00BB06F-FCFB-48A1-98B5-89D3ECDD0DCF}.Debug|Any CPU.ActiveCfg = Debug|Any CPU
		{C00BB06F-FCFB-48A1-98B5-89D3ECDD0DCF}.Debug|Any CPU.Build.0 = Debug|Any CPU
		{C00BB06F-FCFB-48A1-98B5-89D3ECDD0DCF}.Release|Any CPU.ActiveCfg = Release|Any CPU
		{C00BB06F-FCFB-48A1-98B5-89D3ECDD0DCF}.Release|Any CPU.Build.0 = Release|Any CPU
		{A8191448-EEB1-495F-80E2-01A9AD50CE0C}.Debug|Any CPU.ActiveCfg = Debug|Any CPU
		{A8191448-EEB1-495F-80E2-01A9AD50CE0C}.Debug|Any CPU.Build.0 = Debug|Any CPU
		{A8191448-EEB1-495F-80E2-01A9AD50CE0C}.Release|Any CPU.ActiveCfg = Release|Any CPU
		{A8191448-EEB1-495F-80E2-01A9AD50CE0C}.Release|Any CPU.Build.0 = Release|Any CPU
		{B1F2A65C-05DE-40DC-9E88-42CDD76B4B5B}.Debug|Any CPU.ActiveCfg = Debug|Any CPU
		{B1F2A65C-05DE-40DC-9E88-42CDD76B4B5B}.Debug|Any CPU.Build.0 = Debug|Any CPU
		{B1F2A65C-05DE-40DC-9E88-42CDD76B4B5B}.Release|Any CPU.ActiveCfg = Release|Any CPU
		{B1F2A65C-05DE-40DC-9E88-42CDD76B4B5B}.Release|Any CPU.Build.0 = Release|Any CPU
		{4110F169-9CD6-499B-BAC4-4104FDAFBA2A}.Debug|Any CPU.ActiveCfg = Debug|Any CPU
		{4110F169-9CD6-499B-BAC4-4104FDAFBA2A}.Debug|Any CPU.Build.0 = Debug|Any CPU
		{4110F169-9CD6-499B-BAC4-4104FDAFBA2A}.Release|Any CPU.ActiveCfg = Release|Any CPU
		{4110F169-9CD6-499B-BAC4-4104FDAFBA2A}.Release|Any CPU.Build.0 = Release|Any CPU
		{25739514-8C7A-47D8-B506-B21F728DF7EF}.Debug|Any CPU.ActiveCfg = Debug|Any CPU
		{25739514-8C7A-47D8-B506-B21F728DF7EF}.Debug|Any CPU.Build.0 = Debug|Any CPU
		{25739514-8C7A-47D8-B506-B21F728DF7EF}.Release|Any CPU.ActiveCfg = Release|Any CPU
		{25739514-8C7A-47D8-B506-B21F728DF7EF}.Release|Any CPU.Build.0 = Release|Any CPU
		{FC4E20A7-66A5-4885-841A-16C6B5DB1188}.Debug|Any CPU.ActiveCfg = Debug|Any CPU
		{FC4E20A7-66A5-4885-841A-16C6B5DB1188}.Debug|Any CPU.Build.0 = Debug|Any CPU
		{FC4E20A7-66A5-4885-841A-16C6B5DB1188}.Release|Any CPU.ActiveCfg = Release|Any CPU
		{FC4E20A7-66A5-4885-841A-16C6B5DB1188}.Release|Any CPU.Build.0 = Release|Any CPU
	EndGlobalSection
	GlobalSection(SolutionProperties) = preSolution
		HideSolutionNode = FALSE
	EndGlobalSection
	GlobalSection(ExtensibilityGlobals) = postSolution
		SolutionGuid = {D2E9B50E-4929-4CC2-9EB5-3E84D1C51E53}
	EndGlobalSection
EndGlobal
